# This file is automatically @generated by Cargo.
# It is not intended for manual editing.
version = 3

[[package]]
name = "cty"
version = "0.2.2"
source = "registry+https://github.com/rust-lang/crates.io-index"
checksum = "b365fabc795046672053e29c954733ec3b05e4be654ab130fe8f1f94d7051f35"

[[package]]
name = "embedded-hal"
version = "1.0.0-alpha.9"
source = "registry+https://github.com/rust-lang/crates.io-index"
checksum = "129b101ddfee640565f7c07b301a31d95aa21e5acef21a491c307139f5fa4c91"

[[package]]
name = "rnarduino"
version = "0.0.0"
dependencies = [
 "cty",
 "embedded-hal",
]
